// !$*UTF8*$!
{
	archiveVersion = 1;
	classes = {
	};
	objectVersion = 55;
	objects = {

/* Begin PBXBuildFile section */
		754464F127A782EE00647210 /* Tests_iOS.swift in Sources */ = {isa = PBXBuildFile; fileRef = 754464F027A782EE00647210 /* Tests_iOS.swift */; };
		754464F327A782EE00647210 /* Tests_iOSLaunchTests.swift in Sources */ = {isa = PBXBuildFile; fileRef = 754464F227A782EE00647210 /* Tests_iOSLaunchTests.swift */; };
		754464FD27A782EE00647210 /* Tests_macOS.swift in Sources */ = {isa = PBXBuildFile; fileRef = 754464FC27A782EE00647210 /* Tests_macOS.swift */; };
		754464FF27A782EE00647210 /* Tests_macOSLaunchTests.swift in Sources */ = {isa = PBXBuildFile; fileRef = 754464FE27A782EE00647210 /* Tests_macOSLaunchTests.swift */; };
		7544650027A782EE00647210 /* JunkyardBarcodeApp.swift in Sources */ = {isa = PBXBuildFile; fileRef = 754464D827A782EC00647210 /* JunkyardBarcodeApp.swift */; };
		7544650127A782EE00647210 /* JunkyardBarcodeApp.swift in Sources */ = {isa = PBXBuildFile; fileRef = 754464D827A782EC00647210 /* JunkyardBarcodeApp.swift */; };
		7544650227A782EE00647210 /* ContentView.swift in Sources */ = {isa = PBXBuildFile; fileRef = 754464D927A782EC00647210 /* ContentView.swift */; };
		7544650327A782EE00647210 /* ContentView.swift in Sources */ = {isa = PBXBuildFile; fileRef = 754464D927A782EC00647210 /* ContentView.swift */; };
		7544650427A782EE00647210 /* Assets.xcassets in Resources */ = {isa = PBXBuildFile; fileRef = 754464DA27A782ED00647210 /* Assets.xcassets */; };
		7544650527A782EE00647210 /* Assets.xcassets in Resources */ = {isa = PBXBuildFile; fileRef = 754464DA27A782ED00647210 /* Assets.xcassets */; };
/* End PBXBuildFile section */

/* Begin PBXContainerItemProxy section */
		754464ED27A782EE00647210 /* PBXContainerItemProxy */ = {
			isa = PBXContainerItemProxy;
			containerPortal = 754464D327A782EC00647210 /* Project object */;
			proxyType = 1;
			remoteGlobalIDString = 754464DE27A782ED00647210;
			remoteInfo = "JunkyardBarcode (iOS)";
		};
		754464F927A782EE00647210 /* PBXContainerItemProxy */ = {
			isa = PBXContainerItemProxy;
			containerPortal = 754464D327A782EC00647210 /* Project object */;
			proxyType = 1;
			remoteGlobalIDString = 754464E427A782ED00647210;
			remoteInfo = "JunkyardBarcode (macOS)";
		};
/* End PBXContainerItemProxy section */

/* Begin PBXFileReference section */
		754464D827A782EC00647210 /* JunkyardBarcodeApp.swift */ = {isa = PBXFileReference; lastKnownFileType = sourcecode.swift; path = JunkyardBarcodeApp.swift; sourceTree = "<group>"; };
		754464D927A782EC00647210 /* ContentView.swift */ = {isa = PBXFileReference; lastKnownFileType = sourcecode.swift; path = ContentView.swift; sourceTree = "<group>"; };
		754464DA27A782ED00647210 /* Assets.xcassets */ = {isa = PBXFileReference; lastKnownFileType = folder.assetcatalog; path = Assets.xcassets; sourceTree = "<group>"; };
		754464DF27A782ED00647210 /* JunkyardBarcode.app */ = {isa = PBXFileReference; explicitFileType = wrapper.application; includeInIndex = 0; path = JunkyardBarcode.app; sourceTree = BUILT_PRODUCTS_DIR; };
		754464E527A782ED00647210 /* JunkyardBarcode.app */ = {isa = PBXFileReference; explicitFileType = wrapper.application; includeInIndex = 0; path = JunkyardBarcode.app; sourceTree = BUILT_PRODUCTS_DIR; };
		754464E727A782ED00647210 /* macOS.entitlements */ = {isa = PBXFileReference; lastKnownFileType = text.plist.entitlements; path = macOS.entitlements; sourceTree = "<group>"; };
		754464EC27A782EE00647210 /* Tests iOS.xctest */ = {isa = PBXFileReference; explicitFileType = wrapper.cfbundle; includeInIndex = 0; path = "Tests iOS.xctest"; sourceTree = BUILT_PRODUCTS_DIR; };
		754464F027A782EE00647210 /* Tests_iOS.swift */ = {isa = PBXFileReference; lastKnownFileType = sourcecode.swift; path = Tests_iOS.swift; sourceTree = "<group>"; };
		754464F227A782EE00647210 /* Tests_iOSLaunchTests.swift */ = {isa = PBXFileReference; lastKnownFileType = sourcecode.swift; path = Tests_iOSLaunchTests.swift; sourceTree = "<group>"; };
		754464F827A782EE00647210 /* Tests macOS.xctest */ = {isa = PBXFileReference; explicitFileType = wrapper.cfbundle; includeInIndex = 0; path = "Tests macOS.xctest"; sourceTree = BUILT_PRODUCTS_DIR; };
		754464FC27A782EE00647210 /* Tests_macOS.swift */ = {isa = PBXFileReference; lastKnownFileType = sourcecode.swift; path = Tests_macOS.swift; sourceTree = "<group>"; };
		754464FE27A782EE00647210 /* Tests_macOSLaunchTests.swift */ = {isa = PBXFileReference; lastKnownFileType = sourcecode.swift; path = Tests_macOSLaunchTests.swift; sourceTree = "<group>"; };
/* End PBXFileReference section */

/* Begin PBXFrameworksBuildPhase section */
		754464DC27A782ED00647210 /* Frameworks */ = {
			isa = PBXFrameworksBuildPhase;
			buildActionMask = 2147483647;
			files = (
			);
			runOnlyForDeploymentPostprocessing = 0;
		};
		754464E227A782ED00647210 /* Frameworks */ = {
			isa = PBXFrameworksBuildPhase;
			buildActionMask = 2147483647;
			files = (
			);
			runOnlyForDeploymentPostprocessing = 0;
		};
		754464E927A782EE00647210 /* Frameworks */ = {
			isa = PBXFrameworksBuildPhase;
			buildActionMask = 2147483647;
			files = (
			);
			runOnlyForDeploymentPostprocessing = 0;
		};
		754464F527A782EE00647210 /* Frameworks */ = {
			isa = PBXFrameworksBuildPhase;
			buildActionMask = 2147483647;
			files = (
			);
			runOnlyForDeploymentPostprocessing = 0;
		};
/* End PBXFrameworksBuildPhase section */

/* Begin PBXGroup section */
		754464D227A782EC00647210 = {
			isa = PBXGroup;
			children = (
				754464D727A782EC00647210 /* Shared */,
				754464E627A782ED00647210 /* macOS */,
				754464EF27A782EE00647210 /* Tests iOS */,
				754464FB27A782EE00647210 /* Tests macOS */,
				754464E027A782ED00647210 /* Products */,
			);
			sourceTree = "<group>";
		};
		754464D727A782EC00647210 /* Shared */ = {
			isa = PBXGroup;
			children = (
				754464D827A782EC00647210 /* JunkyardBarcodeApp.swift */,
				754464D927A782EC00647210 /* ContentView.swift */,
				754464DA27A782ED00647210 /* Assets.xcassets */,
			);
			path = Shared;
			sourceTree = "<group>";
		};
		754464E027A782ED00647210 /* Products */ = {
			isa = PBXGroup;
			children = (
				754464DF27A782ED00647210 /* JunkyardBarcode.app */,
				754464E527A782ED00647210 /* JunkyardBarcode.app */,
				754464EC27A782EE00647210 /* Tests iOS.xctest */,
				754464F827A782EE00647210 /* Tests macOS.xctest */,
			);
			name = Products;
			sourceTree = "<group>";
		};
		754464E627A782ED00647210 /* macOS */ = {
			isa = PBXGroup;
			children = (
				754464E727A782ED00647210 /* macOS.entitlements */,
			);
			path = macOS;
			sourceTree = "<group>";
		};
		754464EF27A782EE00647210 /* Tests iOS */ = {
			isa = PBXGroup;
			children = (
				754464F027A782EE00647210 /* Tests_iOS.swift */,
				754464F227A782EE00647210 /* Tests_iOSLaunchTests.swift */,
			);
			path = "Tests iOS";
			sourceTree = "<group>";
		};
		754464FB27A782EE00647210 /* Tests macOS */ = {
			isa = PBXGroup;
			children = (
				754464FC27A782EE00647210 /* Tests_macOS.swift */,
				754464FE27A782EE00647210 /* Tests_macOSLaunchTests.swift */,
			);
			path = "Tests macOS";
			sourceTree = "<group>";
		};
/* End PBXGroup section */

/* Begin PBXNativeTarget section */
		754464DE27A782ED00647210 /* JunkyardBarcode (iOS) */ = {
			isa = PBXNativeTarget;
			buildConfigurationList = 7544650827A782EE00647210 /* Build configuration list for PBXNativeTarget "JunkyardBarcode (iOS)" */;
			buildPhases = (
				754464DB27A782ED00647210 /* Sources */,
				754464DC27A782ED00647210 /* Frameworks */,
				754464DD27A782ED00647210 /* Resources */,
			);
			buildRules = (
			);
			dependencies = (
			);
			name = "JunkyardBarcode (iOS)";
			productName = "JunkyardBarcode (iOS)";
			productReference = 754464DF27A782ED00647210 /* JunkyardBarcode.app */;
			productType = "com.apple.product-type.application";
		};
		754464E427A782ED00647210 /* JunkyardBarcode (macOS) */ = {
			isa = PBXNativeTarget;
			buildConfigurationList = 7544650B27A782EE00647210 /* Build configuration list for PBXNativeTarget "JunkyardBarcode (macOS)" */;
			buildPhases = (
				754464E127A782ED00647210 /* Sources */,
				754464E227A782ED00647210 /* Frameworks */,
				754464E327A782ED00647210 /* Resources */,
			);
			buildRules = (
			);
			dependencies = (
			);
			name = "JunkyardBarcode (macOS)";
			productName = "JunkyardBarcode (macOS)";
			productReference = 754464E527A782ED00647210 /* JunkyardBarcode.app */;
			productType = "com.apple.product-type.application";
		};
		754464EB27A782EE00647210 /* Tests iOS */ = {
			isa = PBXNativeTarget;
			buildConfigurationList = 7544650E27A782EE00647210 /* Build configuration list for PBXNativeTarget "Tests iOS" */;
			buildPhases = (
				754464E827A782EE00647210 /* Sources */,
				754464E927A782EE00647210 /* Frameworks */,
				754464EA27A782EE00647210 /* Resources */,
			);
			buildRules = (
			);
			dependencies = (
				754464EE27A782EE00647210 /* PBXTargetDependency */,
			);
			name = "Tests iOS";
			productName = "Tests iOS";
			productReference = 754464EC27A782EE00647210 /* Tests iOS.xctest */;
			productType = "com.apple.product-type.bundle.ui-testing";
		};
		754464F727A782EE00647210 /* Tests macOS */ = {
			isa = PBXNativeTarget;
			buildConfigurationList = 7544651127A782EE00647210 /* Build configuration list for PBXNativeTarget "Tests macOS" */;
			buildPhases = (
				754464F427A782EE00647210 /* Sources */,
				754464F527A782EE00647210 /* Frameworks */,
				754464F627A782EE00647210 /* Resources */,
			);
			buildRules = (
			);
			dependencies = (
				754464FA27A782EE00647210 /* PBXTargetDependency */,
			);
			name = "Tests macOS";
			productName = "Tests macOS";
			productReference = 754464F827A782EE00647210 /* Tests macOS.xctest */;
			productType = "com.apple.product-type.bundle.ui-testing";
		};
/* End PBXNativeTarget section */

/* Begin PBXProject section */
		754464D327A782EC00647210 /* Project object */ = {
			isa = PBXProject;
			attributes = {
				BuildIndependentTargetsInParallel = 1;
				LastSwiftUpdateCheck = 1320;
				LastUpgradeCheck = 1320;
				TargetAttributes = {
					754464DE27A782ED00647210 = {
						CreatedOnToolsVersion = 13.2.1;
					};
					754464E427A782ED00647210 = {
						CreatedOnToolsVersion = 13.2.1;
					};
					754464EB27A782EE00647210 = {
						CreatedOnToolsVersion = 13.2.1;
						TestTargetID = 754464DE27A782ED00647210;
					};
					754464F727A782EE00647210 = {
						CreatedOnToolsVersion = 13.2.1;
						TestTargetID = 754464E427A782ED00647210;
					};
				};
			};
			buildConfigurationList = 754464D627A782EC00647210 /* Build configuration list for PBXProject "JunkyardBarcode" */;
			compatibilityVersion = "Xcode 13.0";
			developmentRegion = en;
			hasScannedForEncodings = 0;
			knownRegions = (
				en,
				Base,
			);
			mainGroup = 754464D227A782EC00647210;
			productRefGroup = 754464E027A782ED00647210 /* Products */;
			projectDirPath = "";
			projectRoot = "";
			targets = (
				754464DE27A782ED00647210 /* JunkyardBarcode (iOS) */,
				754464E427A782ED00647210 /* JunkyardBarcode (macOS) */,
				754464EB27A782EE00647210 /* Tests iOS */,
				754464F727A782EE00647210 /* Tests macOS */,
			);
		};
/* End PBXProject section */

/* Begin PBXResourcesBuildPhase section */
		754464DD27A782ED00647210 /* Resources */ = {
			isa = PBXResourcesBuildPhase;
			buildActionMask = 2147483647;
			files = (
				7544650427A782EE00647210 /* Assets.xcassets in Resources */,
			);
			runOnlyForDeploymentPostprocessing = 0;
		};
		754464E327A782ED00647210 /* Resources */ = {
			isa = PBXResourcesBuildPhase;
			buildActionMask = 2147483647;
			files = (
				7544650527A782EE00647210 /* Assets.xcassets in Resources */,
			);
			runOnlyForDeploymentPostprocessing = 0;
		};
		754464EA27A782EE00647210 /* Resources */ = {
			isa = PBXResourcesBuildPhase;
			buildActionMask = 2147483647;
			files = (
			);
			runOnlyForDeploymentPostprocessing = 0;
		};
		754464F627A782EE00647210 /* Resources */ = {
			isa = PBXResourcesBuildPhase;
			buildActionMask = 2147483647;
			files = (
			);
			runOnlyForDeploymentPostprocessing = 0;
		};
/* End PBXResourcesBuildPhase section */

/* Begin PBXSourcesBuildPhase section */
		754464DB27A782ED00647210 /* Sources */ = {
			isa = PBXSourcesBuildPhase;
			buildActionMask = 2147483647;
			files = (
				7544650227A782EE00647210 /* ContentView.swift in Sources */,
				7544650027A782EE00647210 /* JunkyardBarcodeApp.swift in Sources */,
			);
			runOnlyForDeploymentPostprocessing = 0;
		};
		754464E127A782ED00647210 /* Sources */ = {
			isa = PBXSourcesBuildPhase;
			buildActionMask = 2147483647;
			files = (
				7544650327A782EE00647210 /* ContentView.swift in Sources */,
				7544650127A782EE00647210 /* JunkyardBarcodeApp.swift in Sources */,
			);
			runOnlyForDeploymentPostprocessing = 0;
		};
		754464E827A782EE00647210 /* Sources */ = {
			isa = PBXSourcesBuildPhase;
			buildActionMask = 2147483647;
			files = (
				754464F327A782EE00647210 /* Tests_iOSLaunchTests.swift in Sources */,
				754464F127A782EE00647210 /* Tests_iOS.swift in Sources */,
			);
			runOnlyForDeploymentPostprocessing = 0;
		};
		754464F427A782EE00647210 /* Sources */ = {
			isa = PBXSourcesBuildPhase;
			buildActionMask = 2147483647;
			files = (
				754464FF27A782EE00647210 /* Tests_macOSLaunchTests.swift in Sources */,
				754464FD27A782EE00647210 /* Tests_macOS.swift in Sources */,
			);
			runOnlyForDeploymentPostprocessing = 0;
		};
/* End PBXSourcesBuildPhase section */

/* Begin PBXTargetDependency section */
		754464EE27A782EE00647210 /* PBXTargetDependency */ = {
			isa = PBXTargetDependency;
			target = 754464DE27A782ED00647210 /* JunkyardBarcode (iOS) */;
			targetProxy = 754464ED27A782EE00647210 /* PBXContainerItemProxy */;
		};
		754464FA27A782EE00647210 /* PBXTargetDependency */ = {
			isa = PBXTargetDependency;
			target = 754464E427A782ED00647210 /* JunkyardBarcode (macOS) */;
			targetProxy = 754464F927A782EE00647210 /* PBXContainerItemProxy */;
		};
/* End PBXTargetDependency section */

/* Begin XCBuildConfiguration section */
		7544650627A782EE00647210 /* Debug */ = {
			isa = XCBuildConfiguration;
			buildSettings = {
				ALWAYS_SEARCH_USER_PATHS = NO;
				CLANG_ANALYZER_NONNULL = YES;
				CLANG_ANALYZER_NUMBER_OBJECT_CONVERSION = YES_AGGRESSIVE;
				CLANG_CXX_LANGUAGE_STANDARD = "gnu++17";
				CLANG_CXX_LIBRARY = "libc++";
				CLANG_ENABLE_MODULES = YES;
				CLANG_ENABLE_OBJC_ARC = YES;
				CLANG_ENABLE_OBJC_WEAK = YES;
				CLANG_WARN_BLOCK_CAPTURE_AUTORELEASING = YES;
				CLANG_WARN_BOOL_CONVERSION = YES;
				CLANG_WARN_COMMA = YES;
				CLANG_WARN_CONSTANT_CONVERSION = YES;
				CLANG_WARN_DEPRECATED_OBJC_IMPLEMENTATIONS = YES;
				CLANG_WARN_DIRECT_OBJC_ISA_USAGE = YES_ERROR;
				CLANG_WARN_DOCUMENTATION_COMMENTS = YES;
				CLANG_WARN_EMPTY_BODY = YES;
				CLANG_WARN_ENUM_CONVERSION = YES;
				CLANG_WARN_INFINITE_RECURSION = YES;
				CLANG_WARN_INT_CONVERSION = YES;
				CLANG_WARN_NON_LITERAL_NULL_CONVERSION = YES;
				CLANG_WARN_OBJC_IMPLICIT_RETAIN_SELF = YES;
				CLANG_WARN_OBJC_LITERAL_CONVERSION = YES;
				CLANG_WARN_OBJC_ROOT_CLASS = YES_ERROR;
				CLANG_WARN_QUOTED_INCLUDE_IN_FRAMEWORK_HEADER = YES;
				CLANG_WARN_RANGE_LOOP_ANALYSIS = YES;
				CLANG_WARN_STRICT_PROTOTYPES = YES;
				CLANG_WARN_SUSPICIOUS_MOVE = YES;
				CLANG_WARN_UNGUARDED_AVAILABILITY = YES_AGGRESSIVE;
				CLANG_WARN_UNREACHABLE_CODE = YES;
				CLANG_WARN__DUPLICATE_METHOD_MATCH = YES;
				COPY_PHASE_STRIP = NO;
				DEBUG_INFORMATION_FORMAT = dwarf;
				ENABLE_STRICT_OBJC_MSGSEND = YES;
				ENABLE_TESTABILITY = YES;
				GCC_C_LANGUAGE_STANDARD = gnu11;
				GCC_DYNAMIC_NO_PIC = NO;
				GCC_NO_COMMON_BLOCKS = YES;
				GCC_OPTIMIZATION_LEVEL = 0;
				GCC_PREPROCESSOR_DEFINITIONS = (
					"DEBUG=1",
					"$(inherited)",
				);
				GCC_WARN_64_TO_32_BIT_CONVERSION = YES;
				GCC_WARN_ABOUT_RETURN_TYPE = YES_ERROR;
				GCC_WARN_UNDECLARED_SELECTOR = YES;
				GCC_WARN_UNINITIALIZED_AUTOS = YES_AGGRESSIVE;
				GCC_WARN_UNUSED_FUNCTION = YES;
				GCC_WARN_UNUSED_VARIABLE = YES;
				MTL_ENABLE_DEBUG_INFO = INCLUDE_SOURCE;
				MTL_FAST_MATH = YES;
				ONLY_ACTIVE_ARCH = YES;
				SWIFT_ACTIVE_COMPILATION_CONDITIONS = DEBUG;
				SWIFT_OPTIMIZATION_LEVEL = "-Onone";
			};
			name = Debug;
		};
		7544650727A782EE00647210 /* Release */ = {
			isa = XCBuildConfiguration;
			buildSettings = {
				ALWAYS_SEARCH_USER_PATHS = NO;
				CLANG_ANALYZER_NONNULL = YES;
				CLANG_ANALYZER_NUMBER_OBJECT_CONVERSION = YES_AGGRESSIVE;
				CLANG_CXX_LANGUAGE_STANDARD = "gnu++17";
				CLANG_CXX_LIBRARY = "libc++";
				CLANG_ENABLE_MODULES = YES;
				CLANG_ENABLE_OBJC_ARC = YES;
				CLANG_ENABLE_OBJC_WEAK = YES;
				CLANG_WARN_BLOCK_CAPTURE_AUTORELEASING = YES;
				CLANG_WARN_BOOL_CONVERSION = YES;
				CLANG_WARN_COMMA = YES;
				CLANG_WARN_CONSTANT_CONVERSION = YES;
				CLANG_WARN_DEPRECATED_OBJC_IMPLEMENTATIONS = YES;
				CLANG_WARN_DIRECT_OBJC_ISA_USAGE = YES_ERROR;
				CLANG_WARN_DOCUMENTATION_COMMENTS = YES;
				CLANG_WARN_EMPTY_BODY = YES;
				CLANG_WARN_ENUM_CONVERSION = YES;
				CLANG_WARN_INFINITE_RECURSION = YES;
				CLANG_WARN_INT_CONVERSION = YES;
				CLANG_WARN_NON_LITERAL_NULL_CONVERSION = YES;
				CLANG_WARN_OBJC_IMPLICIT_RETAIN_SELF = YES;
				CLANG_WARN_OBJC_LITERAL_CONVERSION = YES;
				CLANG_WARN_OBJC_ROOT_CLASS = YES_ERROR;
				CLANG_WARN_QUOTED_INCLUDE_IN_FRAMEWORK_HEADER = YES;
				CLANG_WARN_RANGE_LOOP_ANALYSIS = YES;
				CLANG_WARN_STRICT_PROTOTYPES = YES;
				CLANG_WARN_SUSPICIOUS_MOVE = YES;
				CLANG_WARN_UNGUARDED_AVAILABILITY = YES_AGGRESSIVE;
				CLANG_WARN_UNREACHABLE_CODE = YES;
				CLANG_WARN__DUPLICATE_METHOD_MATCH = YES;
				COPY_PHASE_STRIP = NO;
				DEBUG_INFORMATION_FORMAT = "dwarf-with-dsym";
				ENABLE_NS_ASSERTIONS = NO;
				ENABLE_STRICT_OBJC_MSGSEND = YES;
				GCC_C_LANGUAGE_STANDARD = gnu11;
				GCC_NO_COMMON_BLOCKS = YES;
				GCC_WARN_64_TO_32_BIT_CONVERSION = YES;
				GCC_WARN_ABOUT_RETURN_TYPE = YES_ERROR;
				GCC_WARN_UNDECLARED_SELECTOR = YES;
				GCC_WARN_UNINITIALIZED_AUTOS = YES_AGGRESSIVE;
				GCC_WARN_UNUSED_FUNCTION = YES;
				GCC_WARN_UNUSED_VARIABLE = YES;
				MTL_ENABLE_DEBUG_INFO = NO;
				MTL_FAST_MATH = YES;
				SWIFT_COMPILATION_MODE = wholemodule;
				SWIFT_OPTIMIZATION_LEVEL = "-O";
			};
			name = Release;
		};
		7544650927A782EE00647210 /* Debug */ = {
			isa = XCBuildConfiguration;
			buildSettings = {
				ASSETCATALOG_COMPILER_APPICON_NAME = AppIcon;
				ASSETCATALOG_COMPILER_GLOBAL_ACCENT_COLOR_NAME = AccentColor;
				CODE_SIGN_STYLE = Automatic;
				CURRENT_PROJECT_VERSION = 1;
				ENABLE_PREVIEWS = YES;
				GENERATE_INFOPLIST_FILE = YES;
				INFOPLIST_KEY_UIApplicationSceneManifest_Generation = YES;
				INFOPLIST_KEY_UIApplicationSupportsIndirectInputEvents = YES;
				INFOPLIST_KEY_UILaunchScreen_Generation = YES;
				INFOPLIST_KEY_UISupportedInterfaceOrientations_iPad = "UIInterfaceOrientationPortrait UIInterfaceOrientationPortraitUpsideDown UIInterfaceOrientationLandscapeLeft UIInterfaceOrientationLandscapeRight";
				INFOPLIST_KEY_UISupportedInterfaceOrientations_iPhone = "UIInterfaceOrientationPortrait UIInterfaceOrientationLandscapeLeft UIInterfaceOrientationLandscapeRight";
				IPHONEOS_DEPLOYMENT_TARGET = 15.2;
				LD_RUNPATH_SEARCH_PATHS = (
					"$(inherited)",
					"@executable_path/Frameworks",
				);
				MARKETING_VERSION = 1.0;
				PRODUCT_BUNDLE_IDENTIFIER = jp.co.JchanKchan.JunkyardBarcode;
				PRODUCT_NAME = JunkyardBarcode;
				SDKROOT = iphoneos;
				SWIFT_EMIT_LOC_STRINGS = YES;
				SWIFT_VERSION = 5.0;
				TARGETED_DEVICE_FAMILY = "1,2";
			};
			name = Debug;
		};
		7544650A27A782EE00647210 /* Release */ = {
			isa = XCBuildConfiguration;
			buildSettings = {
				ASSETCATALOG_COMPILER_APPICON_NAME = AppIcon;
				ASSETCATALOG_COMPILER_GLOBAL_ACCENT_COLOR_NAME = AccentColor;
				CODE_SIGN_STYLE = Automatic;
				CURRENT_PROJECT_VERSION = 1;
				ENABLE_PREVIEWS = YES;
				GENERATE_INFOPLIST_FILE = YES;
				INFOPLIST_KEY_UIApplicationSceneManifest_Generation = YES;
				INFOPLIST_KEY_UIApplicationSupportsIndirectInputEvents = YES;
				INFOPLIST_KEY_UILaunchScreen_Generation = YES;
				INFOPLIST_KEY_UISupportedInterfaceOrientations_iPad = "UIInterfaceOrientationPortrait UIInterfaceOrientationPortraitUpsideDown UIInterfaceOrientationLandscapeLeft UIInterfaceOrientationLandscapeRight";
				INFOPLIST_KEY_UISupportedInterfaceOrientations_iPhone = "UIInterfaceOrientationPortrait UIInterfaceOrientationLandscapeLeft UIInterfaceOrientationLandscapeRight";
				IPHONEOS_DEPLOYMENT_TARGET = 15.2;
				LD_RUNPATH_SEARCH_PATHS = (
					"$(inherited)",
					"@executable_path/Frameworks",
				);
				MARKETING_VERSION = 1.0;
				PRODUCT_BUNDLE_IDENTIFIER = jp.co.JchanKchan.JunkyardBarcode;
				PRODUCT_NAME = JunkyardBarcode;
				SDKROOT = iphoneos;
				SWIFT_EMIT_LOC_STRINGS = YES;
				SWIFT_VERSION = 5.0;
				TARGETED_DEVICE_FAMILY = "1,2";
				VALIDATE_PRODUCT = YES;
			};
			name = Release;
		};
		7544650C27A782EE00647210 /* Debug */ = {
			isa = XCBuildConfiguration;
			buildSettings = {
				ASSETCATALOG_COMPILER_APPICON_NAME = AppIcon;
				ASSETCATALOG_COMPILER_GLOBAL_ACCENT_COLOR_NAME = AccentColor;
				CODE_SIGN_ENTITLEMENTS = macOS/macOS.entitlements;
				CODE_SIGN_STYLE = Automatic;
				COMBINE_HIDPI_IMAGES = YES;
				CURRENT_PROJECT_VERSION = 1;
				ENABLE_PREVIEWS = YES;
				GENERATE_INFOPLIST_FILE = YES;
				INFOPLIST_KEY_NSHumanReadableCopyright = "";
				LD_RUNPATH_SEARCH_PATHS = (
					"$(inherited)",
					"@executable_path/../Frameworks",
				);
				MACOSX_DEPLOYMENT_TARGET = 12.1;
				MARKETING_VERSION = 1.0;
				PRODUCT_BUNDLE_IDENTIFIER = jp.co.JchanKchan.JunkyardBarcode;
				PRODUCT_NAME = JunkyardBarcode;
				SDKROOT = macosx;
				SWIFT_EMIT_LOC_STRINGS = YES;
				SWIFT_VERSION = 5.0;
			};
			name = Debug;
		};
		7544650D27A782EE00647210 /* Release */ = {
			isa = XCBuildConfiguration;
			buildSettings = {
				ASSETCATALOG_COMPILER_APPICON_NAME = AppIcon;
				ASSETCATALOG_COMPILER_GLOBAL_ACCENT_COLOR_NAME = AccentColor;
				CODE_SIGN_ENTITLEMENTS = macOS/macOS.entitlements;
				CODE_SIGN_STYLE = Automatic;
				COMBINE_HIDPI_IMAGES = YES;
				CURRENT_PROJECT_VERSION = 1;
				ENABLE_PREVIEWS = YES;
				GENERATE_INFOPLIST_FILE = YES;
				INFOPLIST_KEY_NSHumanReadableCopyright = "";
				LD_RUNPATH_SEARCH_PATHS = (
					"$(inherited)",
					"@executable_path/../Frameworks",
				);
				MACOSX_DEPLOYMENT_TARGET = 12.1;
				MARKETING_VERSION = 1.0;
				PRODUCT_BUNDLE_IDENTIFIER = jp.co.JchanKchan.JunkyardBarcode;
				PRODUCT_NAME = JunkyardBarcode;
				SDKROOT = macosx;
				SWIFT_EMIT_LOC_STRINGS = YES;
				SWIFT_VERSION = 5.0;
			};
			name = Release;
		};
		7544650F27A782EE00647210 /* Debug */ = {
			isa = XCBuildConfiguration;
			buildSettings = {
				ALWAYS_EMBED_SWIFT_STANDARD_LIBRARIES = YES;
				CODE_SIGN_STYLE = Automatic;
				CURRENT_PROJECT_VERSION = 1;
				GENERATE_INFOPLIST_FILE = YES;
				IPHONEOS_DEPLOYMENT_TARGET = 15.2;
				MARKETING_VERSION = 1.0;
				PRODUCT_BUNDLE_IDENTIFIER = "jp.co.JchanKchan.Tests-iOS";
				PRODUCT_NAME = "$(TARGET_NAME)";
				SDKROOT = iphoneos;
				SWIFT_EMIT_LOC_STRINGS = NO;
				SWIFT_VERSION = 5.0;
				TARGETED_DEVICE_FAMILY = "1,2";
				TEST_TARGET_NAME = "JunkyardBarcode (iOS)";
			};
			name = Debug;
		};
		7544651027A782EE00647210 /* Release */ = {
			isa = XCBuildConfiguration;
			buildSettings = {
				ALWAYS_EMBED_SWIFT_STANDARD_LIBRARIES = YES;
				CODE_SIGN_STYLE = Automatic;
				CURRENT_PROJECT_VERSION = 1;
				GENERATE_INFOPLIST_FILE = YES;
				IPHONEOS_DEPLOYMENT_TARGET = 15.2;
				MARKETING_VERSION = 1.0;
				PRODUCT_BUNDLE_IDENTIFIER = "jp.co.JchanKchan.Tests-iOS";
				PRODUCT_NAME = "$(TARGET_NAME)";
				SDKROOT = iphoneos;
				SWIFT_EMIT_LOC_STRINGS = NO;
				SWIFT_VERSION = 5.0;
				TARGETED_DEVICE_FAMILY = "1,2";
				TEST_TARGET_NAME = "JunkyardBarcode (iOS)";
				VALIDATE_PRODUCT = YES;
			};
			name = Release;
		};
		7544651227A782EE00647210 /* Debug */ = {
			isa = XCBuildConfiguration;
			buildSettings = {
				ALWAYS_EMBED_SWIFT_STANDARD_LIBRARIES = YES;
				CODE_SIGN_STYLE = Automatic;
				CURRENT_PROJECT_VERSION = 1;
				GENERATE_INFOPLIST_FILE = YES;
				MACOSX_DEPLOYMENT_TARGET = 12.1;
				MARKETING_VERSION = 1.0;
				PRODUCT_BUNDLE_IDENTIFIER = "jp.co.JchanKchan.Tests-macOS";
				PRODUCT_NAME = "$(TARGET_NAME)";
				SDKROOT = macosx;
				SWIFT_EMIT_LOC_STRINGS = NO;
				SWIFT_VERSION = 5.0;
				TEST_TARGET_NAME = "JunkyardBarcode (macOS)";
			};
			name = Debug;
		};
		7544651327A782EE00647210 /* Release */ = {
			isa = XCBuildConfiguration;
			buildSettings = {
				ALWAYS_EMBED_SWIFT_STANDARD_LIBRARIES = YES;
				CODE_SIGN_STYLE = Automatic;
				CURRENT_PROJECT_VERSION = 1;
				GENERATE_INFOPLIST_FILE = YES;
				MACOSX_DEPLOYMENT_TARGET = 12.1;
				MARKETING_VERSION = 1.0;
				PRODUCT_BUNDLE_IDENTIFIER = "jp.co.JchanKchan.Tests-macOS";
				PRODUCT_NAME = "$(TARGET_NAME)";
				SDKROOT = macosx;
				SWIFT_EMIT_LOC_STRINGS = NO;
				SWIFT_VERSION = 5.0;
				TEST_TARGET_NAME = "JunkyardBarcode (macOS)";
			};
			name = Release;
		};
/* End XCBuildConfiguration section */

/* Begin XCConfigurationList section */
		754464D627A782EC00647210 /* Build configuration list for PBXProject "JunkyardBarcode" */ = {
			isa = XCConfigurationList;
			buildConfigurations = (
				7544650627A782EE00647210 /* Debug */,
				7544650727A782EE00647210 /* Release */,
			);
			defaultConfigurationIsVisible = 0;
			defaultConfigurationName = Release;
		};
		7544650827A782EE00647210 /* Build configuration list for PBXNativeTarget "JunkyardBarcode (iOS)" */ = {
			isa = XCConfigurationList;
			buildConfigurations = (
				7544650927A782EE00647210 /* Debug */,
				7544650A27A782EE00647210 /* Release */,
			);
			defaultConfigurationIsVisible = 0;
			defaultConfigurationName = Release;
		};
		7544650B27A782EE00647210 /* Build configuration list for PBXNativeTarget "JunkyardBarcode (macOS)" */ = {
			isa = XCConfigurationList;
			buildConfigurations = (
				7544650C27A782EE00647210 /* Debug */,
				7544650D27A782EE00647210 /* Release */,
			);
			defaultConfigurationIsVisible = 0;
			defaultConfigurationName = Release;
		};
		7544650E27A782EE00647210 /* Build configuration list for PBXNativeTarget "Tests iOS" */ = {
			isa = XCConfigurationList;
			buildConfigurations = (
				7544650F27A782EE00647210 /* Debug */,
				7544651027A782EE00647210 /* Release */,
			);
			defaultConfigurationIsVisible = 0;
			defaultConfigurationName = Release;
		};
		7544651127A782EE00647210 /* Build configuration list for PBXNativeTarget "Tests macOS" */ = {
			isa = XCConfigurationList;
			buildConfigurations = (
				7544651227A782EE00647210 /* Debug */,
				7544651327A782EE00647210 /* Release */,
			);
			defaultConfigurationIsVisible = 0;
			defaultConfigurationName = Release;
		};
/* End XCConfigurationList section */
	};
	rootObject = 754464D327A782EC00647210 /* Project object */;
}
